
Microsoft Visual Studio Solution File, Format Version 12.00
# Visual Studio Version 17
VisualStudioVersion = 17.11.35208.52
MinimumVisualStudioVersion = 10.0.40219.1
Project("{FAE04EC0-301F-11D3-BF4B-00C04F79EFBC}") = "Fase2", "Fase2.csproj", "{2B5AAB40-F3E2-48C8-BED6-5B5FFEA5FD68}"
EndProject
Global
	GlobalSection(SolutionConfigurationPlatforms) = preSolution
		Debug|Any CPU = Debug|Any CPU
		Release|Any CPU = Release|Any CPU
	EndGlobalSection
	GlobalSection(ProjectConfigurationPlatforms) = postSolution
		{2B5AAB40-F3E2-48C8-BED6-5B5FFEA5FD68}.Debug|Any CPU.ActiveCfg = Debug|Any CPU
		{2B5AAB40-F3E2-48C8-BED6-5B5FFEA5FD68}.Debug|Any CPU.Build.0 = Debug|Any CPU
		{2B5AAB40-F3E2-48C8-BED6-5B5FFEA5FD68}.Release|Any CPU.ActiveCfg = Release|Any CPU
		{2B5AAB40-F3E2-48C8-BED6-5B5FFEA5FD68}.Release|Any CPU.Build.0 = Release|Any CPU
	EndGlobalSection
	GlobalSection(SolutionProperties) = preSolution
		HideSolutionNode = FALSE
	EndGlobalSection
	GlobalSection(ExtensibilityGlobals) = postSolution
		SolutionGuid = {58E6054D-0D97-43EC-8C25-68E8E2982D5C}
	EndGlobalSection
EndGlobal
